
Microsoft Visual Studio Solution File, Format Version 12.00
# Visual Studio Version 17
VisualStudioVersion = 17.4.33403.182
MinimumVisualStudioVersion = 10.0.40219.1
Project("{FAE04EC0-301F-11D3-BF4B-00C04F79EFBC}") = "Employee", "Employee\Employee.csproj", "{8D2B7D70-FF35-4ACF-9217-BBB544089975}"
EndProject
Global
	GlobalSection(SolutionConfigurationPlatforms) = preSolution
		Debug|Any CPU = Debug|Any CPU
		Release|Any CPU = Release|Any CPU
	EndGlobalSection
	GlobalSection(ProjectConfigurationPlatforms) = postSolution
		{8D2B7D70-FF35-4ACF-9217-BBB544089975}.Debug|Any CPU.ActiveCfg = Debug|Any CPU
		{8D2B7D70-FF35-4ACF-9217-BBB544089975}.Debug|Any CPU.Build.0 = Debug|Any CPU
		{8D2B7D70-FF35-4ACF-9217-BBB544089975}.Release|Any CPU.ActiveCfg = Release|Any CPU
		{8D2B7D70-FF35-4ACF-9217-BBB544089975}.Release|Any CPU.Build.0 = Release|Any CPU
	EndGlobalSection
	GlobalSection(SolutionProperties) = preSolution
		HideSolutionNode = FALSE
	EndGlobalSection
	GlobalSection(ExtensibilityGlobals) = postSolution
		SolutionGuid = {BBB09F1D-4D8F-4FF2-A99E-C91690CB73F4}
	EndGlobalSection
EndGlobal
